<?xml version="1.0" encoding="utf-8"?>
<Project ToolsVersion="4.0" xmlns="http://schemas.microsoft.com/developer/msbuild/2003">
  <ItemGroup>
    <Filter Include="a">
      <UniqueIdentifier>{2ada8894-364f-4cc8-a847-96e294866e67}</UniqueIdentifier>
    </Filter>
    <Filter Include="apilib">
      <UniqueIdentifier>{eca9133c-680b-4d8b-bf28-e7de5b849e69}</UniqueIdentifier>
    </Filter>
    <Filter Include="beep">
      <UniqueIdentifier>{761af725-3637-4754-a932-84a45f978be8}</UniqueIdentifier>
    </Filter>
    <Filter Include="lines">
      <UniqueIdentifier>{2123f687-2389-42dc-9ace-2f21ed9c5714}</UniqueIdentifier>
    </Filter>
    <Filter Include="noodle">
      <UniqueIdentifier>{428886bd-758a-4896-94a5-734eb167af70}</UniqueIdentifier>
    </Filter>
    <Filter Include="star">
      <UniqueIdentifier>{54405b56-6f3f-4c29-be2a-45b99303dcce}</UniqueIdentifier>
    </Filter>
    <Filter Include="hello">
      <UniqueIdentifier>{45178a6b-3b3f-426d-b409-ffe94c6f9bdf}</UniqueIdentifier>
    </Filter>
    <Filter Include="vOS">
      <UniqueIdentifier>{3c0bb146-65c8-4e6c-a985-79fc2b2d7db8}</UniqueIdentifier>
    </Filter>
    <Filter Include="winhelo">
      <UniqueIdentifier>{2edaf3ec-871a-4c7c-b061-bb995efb3c09}</UniqueIdentifier>
    </Filter>
    <Filter Include="color">
      <UniqueIdentifier>{4e47a919-6e58-404d-a8fc-12800cb447fc}</UniqueIdentifier>
    </Filter>
    <Filter Include="walk">
      <UniqueIdentifier>{b6c5eb9e-0616-43f5-9811-614ca8797f53}</UniqueIdentifier>
    </Filter>
    <Filter Include="sosu">
      <UniqueIdentifier>{80434cdd-e99a-423a-b04e-4e01e6040fdf}</UniqueIdentifier>
    </Filter>
    <Filter Include="typeipl">
      <UniqueIdentifier>{ff4d99bb-bd1d-42c1-a1f7-f12b756dfaaf}</UniqueIdentifier>
    </Filter>
  </ItemGroup>
  <ItemGroup>
    <ClInclude Include="apilib.h" />
    <ClInclude Include="vOS\bootpack.h">
      <Filter>vOS</Filter>
    </ClInclude>
  </ItemGroup>
  <ItemGroup>
    <Text Include="app_make.txt" />
    <Text Include="vOS\hankaku.txt">
      <Filter>vOS</Filter>
    </Text>
  </ItemGroup>
  <ItemGroup>
    <None Include="Makefile" />
    <None Include="vOS.rul" />
    <None Include="a\Makefile">
      <Filter>a</Filter>
    </None>
    <None Include="apilib\a_nask.nas">
      <Filter>apilib</Filter>
    </None>
    <None Include="apilib\api001.nas">
      <Filter>apilib</Filter>
    </None>
    <None Include="apilib\api002.nas">
      <Filter>apilib</Filter>
    </None>
    <None Include="apilib\api003.nas">
      <Filter>apilib</Filter>
    </None>
    <None Include="apilib\api004.nas">
      <Filter>apilib</Filter>
    </None>
    <None Include="apilib\api005.nas">
      <Filter>apilib</Filter>
    </None>
    <None Include="apilib\api006.nas">
      <Filter>apilib</Filter>
    </None>
    <None Include="apilib\api007.nas">
      <Filter>apilib</Filter>
    </None>
    <None Include="apilib\api008.nas">
      <Filter>apilib</Filter>
    </None>
    <None Include="apilib\api009.nas">
      <Filter>apilib</Filter>
    </None>
    <None Include="apilib\api010.nas">
      <Filter>apilib</Filter>
    </None>
    <None Include="apilib\api011.nas">
      <Filter>apilib</Filter>
    </None>
    <None Include="apilib\api012.nas">
      <Filter>apilib</Filter>
    </None>
    <None Include="apilib\api013.nas">
      <Filter>apilib</Filter>
    </None>
    <None Include="apilib\api014.nas">
      <Filter>apilib</Filter>
    </None>
    <None Include="apilib\api015.nas">
      <Filter>apilib</Filter>
    </None>
    <None Include="apilib\api016.nas">
      <Filter>apilib</Filter>
    </None>
    <None Include="apilib\api017.nas">
      <Filter>apilib</Filter>
    </None>
    <None Include="apilib\api018.nas">
      <Filter>apilib</Filter>
    </None>
    <None Include="apilib\api019.nas">
      <Filter>apilib</Filter>
    </None>
    <None Include="apilib\api020.nas">
      <Filter>apilib</Filter>
    </None>
    <None Include="apilib\Makefile">
      <Filter>apilib</Filter>
    </None>
    <None Include="beep\Makefile">
      <Filter>beep</Filter>
    </None>
    <None Include="lines\Makefile">
      <Filter>lines</Filter>
    </None>
    <None Include="hello\hello.nas">
      <Filter>hello</Filter>
    </None>
    <None Include="hello\hello2.nas">
      <Filter>hello</Filter>
    </None>
    <None Include="hello\hello5.nas">
      <Filter>hello</Filter>
    </None>
    <None Include="hello\Makefile">
      <Filter>hello</Filter>
    </None>
    <None Include="color\Makefile">
      <Filter>color</Filter>
    </None>
    <None Include="winhelo\Makefile">
      <Filter>winhelo</Filter>
    </None>
    <None Include="vOS\asmhead.nas">
      <Filter>vOS</Filter>
    </None>
    <None Include="vOS\ipl10.nas">
      <Filter>vOS</Filter>
    </None>
    <None Include="vOS\Makefile">
      <Filter>vOS</Filter>
    </None>
    <None Include="vOS\naskfunc.nas">
      <Filter>vOS</Filter>
    </None>
    <None Include="star\Makefile">
      <Filter>star</Filter>
    </None>
    <None Include="noodle\Makefile">
      <Filter>noodle</Filter>
    </None>
    <None Include="walk\Makefile">
      <Filter>walk</Filter>
    </None>
    <None Include="..\.gitignore" />
    <None Include="apilib\alloca.nas">
      <Filter>apilib</Filter>
    </None>
    <None Include="apilib\api021.nas">
      <Filter>apilib</Filter>
    </None>
    <None Include="apilib\api022.nas">
      <Filter>apilib</Filter>
    </None>
    <None Include="apilib\api023.nas">
      <Filter>apilib</Filter>
    </None>
    <None Include="apilib\api024.nas">
      <Filter>apilib</Filter>
    </None>
    <None Include="apilib\api025.nas">
      <Filter>apilib</Filter>
    </None>
    <None Include="typeipl\Makefile">
      <Filter>typeipl</Filter>
    </None>
  </ItemGroup>
  <ItemGroup>
    <ClCompile Include="a\a.c">
      <Filter>a</Filter>
    </ClCompile>
    <ClCompile Include="beep\beepdown.c">
      <Filter>beep</Filter>
    </ClCompile>
    <ClCompile Include="beep\beepup.c">
      <Filter>beep</Filter>
    </ClCompile>
    <ClCompile Include="lines\lines.c">
      <Filter>lines</Filter>
    </ClCompile>
    <ClCompile Include="hello\hello3.c">
      <Filter>hello</Filter>
    </ClCompile>
    <ClCompile Include="hello\hello4.c">
      <Filter>hello</Filter>
    </ClCompile>
    <ClCompile Include="color\color.c">
      <Filter>color</Filter>
    </ClCompile>
    <ClCompile Include="color\color2.c">
      <Filter>color</Filter>
    </ClCompile>
    <ClCompile Include="winhelo\winhelo.c">
      <Filter>winhelo</Filter>
    </ClCompile>
    <ClCompile Include="winhelo\winhelo2.c">
      <Filter>winhelo</Filter>
    </ClCompile>
    <ClCompile Include="winhelo\winhelo3.c">
      <Filter>winhelo</Filter>
    </ClCompile>
    <ClCompile Include="vOS\bootpack.c">
      <Filter>vOS</Filter>
    </ClCompile>
    <ClCompile Include="vOS\console.c">
      <Filter>vOS</Filter>
    </ClCompile>
    <ClCompile Include="vOS\dsctbl.c">
      <Filter>vOS</Filter>
    </ClCompile>
    <ClCompile Include="vOS\fifo.c">
      <Filter>vOS</Filter>
    </ClCompile>
    <ClCompile Include="vOS\file.c">
      <Filter>vOS</Filter>
    </ClCompile>
    <ClCompile Include="vOS\graphic.c">
      <Filter>vOS</Filter>
    </ClCompile>
    <ClCompile Include="vOS\int.c">
      <Filter>vOS</Filter>
    </ClCompile>
    <ClCompile Include="vOS\keyboard.c">
      <Filter>vOS</Filter>
    </ClCompile>
    <ClCompile Include="vOS\memory.c">
      <Filter>vOS</Filter>
    </ClCompile>
    <ClCompile Include="vOS\mouse.c">
      <Filter>vOS</Filter>
    </ClCompile>
    <ClCompile Include="vOS\mtask.c">
      <Filter>vOS</Filter>
    </ClCompile>
    <ClCompile Include="vOS\sheet.c">
      <Filter>vOS</Filter>
    </ClCompile>
    <ClCompile Include="vOS\timer.c">
      <Filter>vOS</Filter>
    </ClCompile>
    <ClCompile Include="vOS\window.c">
      <Filter>vOS</Filter>
    </ClCompile>
    <ClCompile Include="star\star1.c">
      <Filter>star</Filter>
    </ClCompile>
    <ClCompile Include="star\stars.c">
      <Filter>star</Filter>
    </ClCompile>
    <ClCompile Include="star\stars2.c">
      <Filter>star</Filter>
    </ClCompile>
    <ClCompile Include="noodle\noodle.c">
      <Filter>noodle</Filter>
    </ClCompile>
    <ClCompile Include="noodle\noodle1.c">
      <Filter>noodle</Filter>
    </ClCompile>
    <ClCompile Include="walk\walk.c">
      <Filter>walk</Filter>
    </ClCompile>
    <ClCompile Include="sosu\sosu.c">
      <Filter>sosu</Filter>
    </ClCompile>
    <ClCompile Include="sosu\Makefile">
      <Filter>sosu</Filter>
    </ClCompile>
    <ClCompile Include="typeipl\typeipl.c">
      <Filter>typeipl</Filter>
    </ClCompile>
  </ItemGroup>
</Project>